// !$*UTF8*$!
{
	archiveVersion = 1;
	classes = {
	};
	objectVersion = 46;
	objects = {

/* Begin PBXBuildFile section */
		832787AC1EDD9B7000E4FB82 /* LiluFriend.cpp in Sources */ = {isa = PBXBuildFile; fileRef = 832787AA1EDD9B7000E4FB82 /* LiluFriend.cpp */; };
		832787AD1EDD9B7000E4FB82 /* LiluFriend.hpp in Headers */ = {isa = PBXBuildFile; fileRef = 832787AB1EDD9B7000E4FB82 /* LiluFriend.hpp */; };
		83EA53BF1EDED6A100B2293D /* LegacyIOService.h in Headers */ = {isa = PBXBuildFile; fileRef = 83EA53BD1EDED6A100B2293D /* LegacyIOService.h */; };
		83EA53C01EDED6A100B2293D /* libkmod.a in Frameworks */ = {isa = PBXBuildFile; fileRef = 83EA53BE1EDED6A100B2293D /* libkmod.a */; };
/* End PBXBuildFile section */

/* Begin PBXFileReference section */
		8327879D1EDD9B3200E4FB82 /* LiluFriend.kext */ = {isa = PBXFileReference; explicitFileType = wrapper.cfbundle; includeInIndex = 0; path = LiluFriend.kext; sourceTree = BUILT_PRODUCTS_DIR; };
		832787A41EDD9B3200E4FB82 /* Info.plist */ = {isa = PBXFileReference; lastKnownFileType = text.plist.xml; path = Info.plist; sourceTree = "<group>"; };
		832787AA1EDD9B7000E4FB82 /* LiluFriend.cpp */ = {isa = PBXFileReference; fileEncoding = 4; lastKnownFileType = sourcecode.cpp.cpp; path = LiluFriend.cpp; sourceTree = "<group>"; };
		832787AB1EDD9B7000E4FB82 /* LiluFriend.hpp */ = {isa = PBXFileReference; fileEncoding = 4; lastKnownFileType = sourcecode.cpp.h; path = LiluFriend.hpp; sourceTree = "<group>"; };
		83DC3C891EDEE83B00EAE224 /* LICENSE */ = {isa = PBXFileReference; fileEncoding = 4; lastKnownFileType = text; path = LICENSE; sourceTree = "<group>"; };
		83DC3C8A1EDEE83B00EAE224 /* README.md */ = {isa = PBXFileReference; fileEncoding = 4; lastKnownFileType = net.daringfireball.markdown; path = README.md; sourceTree = "<group>"; };
		83EA53BD1EDED6A100B2293D /* LegacyIOService.h */ = {isa = PBXFileReference; fileEncoding = 4; lastKnownFileType = sourcecode.c.h; name = LegacyIOService.h; path = LiluFriend/LegacyIOService.h; sourceTree = "<group>"; };
		83EA53BE1EDED6A100B2293D /* libkmod.a */ = {isa = PBXFileReference; lastKnownFileType = archive.ar; name = libkmod.a; path = LiluFriend/libkmod.a; sourceTree = "<group>"; };
/* End PBXFileReference section */

/* Begin PBXFrameworksBuildPhase section */
		832787991EDD9B3200E4FB82 /* Frameworks */ = {
			isa = PBXFrameworksBuildPhase;
			buildActionMask = 2147483647;
			files = (
				83EA53C01EDED6A100B2293D /* libkmod.a in Frameworks */,
			);
			runOnlyForDeploymentPostprocessing = 0;
		};
/* End PBXFrameworksBuildPhase section */

/* Begin PBXGroup section */
		832787931EDD9B3200E4FB82 = {
			isa = PBXGroup;
			children = (
				83DB3BB11EDEDFE5004F7101 /* Docs */,
				8327879F1EDD9B3200E4FB82 /* LiluFriend */,
				8327879E1EDD9B3200E4FB82 /* Products */,
			);
			sourceTree = "<group>";
		};
		8327879E1EDD9B3200E4FB82 /* Products */ = {
			isa = PBXGroup;
			children = (
				8327879D1EDD9B3200E4FB82 /* LiluFriend.kext */,
			);
			name = Products;
			sourceTree = "<group>";
		};
		8327879F1EDD9B3200E4FB82 /* LiluFriend */ = {
			isa = PBXGroup;
			children = (
				83EA53BC1EDED69200B2293D /* Essentials */,
				832787AB1EDD9B7000E4FB82 /* LiluFriend.hpp */,
				832787AA1EDD9B7000E4FB82 /* LiluFriend.cpp */,
				832787A41EDD9B3200E4FB82 /* Info.plist */,
			);
			path = LiluFriend;
			sourceTree = "<group>";
		};
		83DB3BB11EDEDFE5004F7101 /* Docs */ = {
			isa = PBXGroup;
			children = (
				83DC3C891EDEE83B00EAE224 /* LICENSE */,
				83DC3C8A1EDEE83B00EAE224 /* README.md */,
			);
			name = Docs;
			sourceTree = "<group>";
		};
		83EA53BC1EDED69200B2293D /* Essentials */ = {
			isa = PBXGroup;
			children = (
				83EA53BD1EDED6A100B2293D /* LegacyIOService.h */,
				83EA53BE1EDED6A100B2293D /* libkmod.a */,
			);
			name = Essentials;
			path = ..;
			sourceTree = "<group>";
		};
/* End PBXGroup section */

/* Begin PBXHeadersBuildPhase section */
		8327879A1EDD9B3200E4FB82 /* Headers */ = {
			isa = PBXHeadersBuildPhase;
			buildActionMask = 2147483647;
			files = (
				832787AD1EDD9B7000E4FB82 /* LiluFriend.hpp in Headers */,
				83EA53BF1EDED6A100B2293D /* LegacyIOService.h in Headers */,
			);
			runOnlyForDeploymentPostprocessing = 0;
		};
/* End PBXHeadersBuildPhase section */

/* Begin PBXNativeTarget section */
		8327879C1EDD9B3200E4FB82 /* LiluFriend */ = {
			isa = PBXNativeTarget;
			buildConfigurationList = 832787A71EDD9B3200E4FB82 /* Build configuration list for PBXNativeTarget "LiluFriend" */;
			buildPhases = (
				832787981EDD9B3200E4FB82 /* Sources */,
				832787991EDD9B3200E4FB82 /* Frameworks */,
				8327879A1EDD9B3200E4FB82 /* Headers */,
				8327879B1EDD9B3200E4FB82 /* Resources */,
			);
			buildRules = (
			);
			dependencies = (
			);
			name = LiluFriend;
			productName = LiluFriend;
			productReference = 8327879D1EDD9B3200E4FB82 /* LiluFriend.kext */;
			productType = "com.apple.product-type.kernel-extension";
		};
/* End PBXNativeTarget section */

/* Begin PBXProject section */
		832787941EDD9B3200E4FB82 /* Project object */ = {
			isa = PBXProject;
			attributes = {
				LastUpgradeCheck = 0830;
				TargetAttributes = {
					8327879C1EDD9B3200E4FB82 = {
						CreatedOnToolsVersion = 8.3.2;
						ProvisioningStyle = Automatic;
					};
				};
			};
			buildConfigurationList = 832787971EDD9B3200E4FB82 /* Build configuration list for PBXProject "LiluFriend" */;
			compatibilityVersion = "Xcode 3.2";
			developmentRegion = English;
			hasScannedForEncodings = 0;
			knownRegions = (
				en,
			);
			mainGroup = 832787931EDD9B3200E4FB82;
			productRefGroup = 8327879E1EDD9B3200E4FB82 /* Products */;
			projectDirPath = "";
			projectRoot = "";
			targets = (
				8327879C1EDD9B3200E4FB82 /* LiluFriend */,
			);
		};
/* End PBXProject section */

/* Begin PBXResourcesBuildPhase section */
		8327879B1EDD9B3200E4FB82 /* Resources */ = {
			isa = PBXResourcesBuildPhase;
			buildActionMask = 2147483647;
			files = (
			);
			runOnlyForDeploymentPostprocessing = 0;
		};
/* End PBXResourcesBuildPhase section */

/* Begin PBXSourcesBuildPhase section */
		832787981EDD9B3200E4FB82 /* Sources */ = {
			isa = PBXSourcesBuildPhase;
			buildActionMask = 2147483647;
			files = (
				832787AC1EDD9B7000E4FB82 /* LiluFriend.cpp in Sources */,
			);
			runOnlyForDeploymentPostprocessing = 0;
		};
/* End PBXSourcesBuildPhase section */

/* Begin XCBuildConfiguration section */
		832787A51EDD9B3200E4FB82 /* Debug */ = {
			isa = XCBuildConfiguration;
			buildSettings = {
				ALWAYS_SEARCH_USER_PATHS = NO;
				CLANG_ANALYZER_NONNULL = YES;
				CLANG_ANALYZER_NUMBER_OBJECT_CONVERSION = YES_AGGRESSIVE;
				CLANG_CXX_LANGUAGE_STANDARD = "gnu++0x";
				CLANG_CXX_LIBRARY = "libc++";
				CLANG_ENABLE_MODULES = YES;
				CLANG_ENABLE_OBJC_ARC = YES;
				CLANG_WARN_BOOL_CONVERSION = YES;
				CLANG_WARN_CONSTANT_CONVERSION = YES;
				CLANG_WARN_DIRECT_OBJC_ISA_USAGE = YES_ERROR;
				CLANG_WARN_DOCUMENTATION_COMMENTS = YES;
				CLANG_WARN_EMPTY_BODY = YES;
				CLANG_WARN_ENUM_CONVERSION = YES;
				CLANG_WARN_INFINITE_RECURSION = YES;
				CLANG_WARN_INT_CONVERSION = YES;
				CLANG_WARN_OBJC_ROOT_CLASS = YES_ERROR;
				CLANG_WARN_SUSPICIOUS_MOVE = YES;
				CLANG_WARN_UNREACHABLE_CODE = YES;
				CLANG_WARN__DUPLICATE_METHOD_MATCH = YES;
				CODE_SIGN_IDENTITY = "-";
				COPY_PHASE_STRIP = NO;
				DEBUG_INFORMATION_FORMAT = dwarf;
				ENABLE_STRICT_OBJC_MSGSEND = YES;
				ENABLE_TESTABILITY = YES;
				GCC_C_LANGUAGE_STANDARD = gnu99;
				GCC_DYNAMIC_NO_PIC = NO;
				GCC_NO_COMMON_BLOCKS = YES;
				GCC_OPTIMIZATION_LEVEL = 0;
				GCC_PREPROCESSOR_DEFINITIONS = (
					"DEBUG=1",
					"$(inherited)",
				);
				GCC_WARN_64_TO_32_BIT_CONVERSION = YES;
				GCC_WARN_ABOUT_RETURN_TYPE = YES_ERROR;
				GCC_WARN_UNDECLARED_SELECTOR = YES;
				GCC_WARN_UNINITIALIZED_AUTOS = YES_AGGRESSIVE;
				GCC_WARN_UNUSED_FUNCTION = YES;
				GCC_WARN_UNUSED_VARIABLE = YES;
				MACOSX_DEPLOYMENT_TARGET = 10.8;
				MTL_ENABLE_DEBUG_INFO = YES;
				ONLY_ACTIVE_ARCH = YES;
				SDKROOT = macosx;
			};
			name = Debug;
		};
		832787A61EDD9B3200E4FB82 /* Release */ = {
			isa = XCBuildConfiguration;
			buildSettings = {
				ALWAYS_SEARCH_USER_PATHS = NO;
				CLANG_ANALYZER_NONNULL = YES;
				CLANG_ANALYZER_NUMBER_OBJECT_CONVERSION = YES_AGGRESSIVE;
				CLANG_CXX_LANGUAGE_STANDARD = "gnu++0x";
				CLANG_CXX_LIBRARY = "libc++";
				CLANG_ENABLE_MODULES = YES;
				CLANG_ENABLE_OBJC_ARC = YES;
				CLANG_WARN_BOOL_CONVERSION = YES;
				CLANG_WARN_CONSTANT_CONVERSION = YES;
				CLANG_WARN_DIRECT_OBJC_ISA_USAGE = YES_ERROR;
				CLANG_WARN_DOCUMENTATION_COMMENTS = YES;
				CLANG_WARN_EMPTY_BODY = YES;
				CLANG_WARN_ENUM_CONVERSION = YES;
				CLANG_WARN_INFINITE_RECURSION = YES;
				CLANG_WARN_INT_CONVERSION = YES;
				CLANG_WARN_OBJC_ROOT_CLASS = YES_ERROR;
				CLANG_WARN_SUSPICIOUS_MOVE = YES;
				CLANG_WARN_UNREACHABLE_CODE = YES;
				CLANG_WARN__DUPLICATE_METHOD_MATCH = YES;
				CODE_SIGN_IDENTITY = "-";
				COPY_PHASE_STRIP = NO;
				DEBUG_INFORMATION_FORMAT = "dwarf-with-dsym";
				ENABLE_NS_ASSERTIONS = NO;
				ENABLE_STRICT_OBJC_MSGSEND = YES;
				GCC_C_LANGUAGE_STANDARD = gnu99;
				GCC_NO_COMMON_BLOCKS = YES;
				GCC_WARN_64_TO_32_BIT_CONVERSION = YES;
				GCC_WARN_ABOUT_RETURN_TYPE = YES_ERROR;
				GCC_WARN_UNDECLARED_SELECTOR = YES;
				GCC_WARN_UNINITIALIZED_AUTOS = YES_AGGRESSIVE;
				GCC_WARN_UNUSED_FUNCTION = YES;
				GCC_WARN_UNUSED_VARIABLE = YES;
				MACOSX_DEPLOYMENT_TARGET = 10.8;
				MTL_ENABLE_DEBUG_INFO = NO;
				SDKROOT = macosx;
			};
			name = Release;
		};
		832787A81EDD9B3200E4FB82 /* Debug */ = {
			isa = XCBuildConfiguration;
			buildSettings = {
				ARCHS = "$(ARCHS_STANDARD_64_BIT)";
				CLANG_ANALYZER_NONNULL = YES_NONAGGRESSIVE;
				CLANG_ANALYZER_NUMBER_OBJECT_CONVERSION = YES;
				CLANG_CXX_LANGUAGE_STANDARD = "c++14";
				CLANG_ENABLE_MODULES = NO;
				CLANG_ENABLE_OBJC_ARC = NO;
				CLANG_WARN_DOCUMENTATION_COMMENTS = NO;
				CLANG_WARN_EMPTY_BODY = NO;
				CODE_SIGN_IDENTITY = "";
				COMBINE_HIDPI_IMAGES = NO;
				CURRENT_PROJECT_VERSION = 1.0;
				DEPLOYMENT_POSTPROCESSING = YES;
				ENABLE_NS_ASSERTIONS = YES;
				ENABLE_STRICT_OBJC_MSGSEND = NO;
				ENABLE_TESTABILITY = NO;
				GCC_C_LANGUAGE_STANDARD = c11;
				GCC_ENABLE_FLOATING_POINT_LIBRARY_CALLS = NO;
				GCC_ENABLE_KERNEL_DEVELOPMENT = NO;
				GCC_GENERATE_DEBUGGING_SYMBOLS = NO;
				GCC_PREPROCESSOR_DEFINITIONS = (
					"PRODUCT_NAME=$(PRODUCT_NAME)",
					"MODULE_VERSION=$(MODULE_VERSION)",
					"$(inherited)",
				);
				GCC_WARN_ABOUT_DEPRECATED_FUNCTIONS = YES;
				GCC_WARN_CHECK_SWITCH_STATEMENTS = YES;
				INFOPLIST_FILE = LiluFriend/Info.plist;
				INSTALL_PATH = /Library/Extensions;
				LIBRARY_SEARCH_PATHS = (
					"$(inherited)",
					"$(PROJECT_DIR)/LiluFriend",
				);
				LLVM_LTO = YES;
				MACOSX_DEPLOYMENT_TARGET = 10.8;
				MODULE_NAME = com.apple.security.LiluFriend;
				MODULE_VERSION = 1.0;
				MTL_ENABLE_DEBUG_INFO = no;
				ONLY_ACTIVE_ARCH = NO;
				OTHER_CFLAGS = (
					"-mmmx",
					"-msse",
					"-msse2",
					"-msse3",
					"-mfpmath=sse",
					"-mssse3",
					"-ftree-vectorize",
					"-fno-non-call-exceptions",
					"-fno-builtin",
					"-fno-asynchronous-unwind-tables",
				);
				OTHER_LDFLAGS = "-static";
				PRODUCT_BUNDLE_IDENTIFIER = com.apple.security.LiluFriend;
				PRODUCT_NAME = "$(TARGET_NAME)";
				WRAPPER_EXTENSION = kext;
			};
			name = Debug;
		};
		832787A91EDD9B3200E4FB82 /* Release */ = {
			isa = XCBuildConfiguration;
			buildSettings = {
				ARCHS = "$(ARCHS_STANDARD_64_BIT)";
				CLANG_ANALYZER_NONNULL = YES_NONAGGRESSIVE;
				CLANG_ANALYZER_NUMBER_OBJECT_CONVERSION = YES;
				CLANG_CXX_LANGUAGE_STANDARD = "c++14";
				CLANG_ENABLE_MODULES = NO;
				CLANG_ENABLE_OBJC_ARC = NO;
				CLANG_WARN_DOCUMENTATION_COMMENTS = NO;
				CLANG_WARN_EMPTY_BODY = NO;
				CODE_SIGN_IDENTITY = "";
				COMBINE_HIDPI_IMAGES = NO;
				COPY_PHASE_STRIP = YES;
				CURRENT_PROJECT_VERSION = 1.0;
				DEAD_CODE_STRIPPING = YES;
				DEPLOYMENT_POSTPROCESSING = YES;
				ENABLE_NS_ASSERTIONS = YES;
				ENABLE_STRICT_OBJC_MSGSEND = NO;
				ENABLE_TESTABILITY = NO;
				GCC_C_LANGUAGE_STANDARD = c11;
				GCC_ENABLE_FLOATING_POINT_LIBRARY_CALLS = NO;
				GCC_ENABLE_KERNEL_DEVELOPMENT = NO;
				GCC_OPTIMIZATION_LEVEL = fast;
				GCC_PREPROCESSOR_DEFINITIONS = (
					"PRODUCT_NAME=$(PRODUCT_NAME)",
					"MODULE_VERSION=$(MODULE_VERSION)",
					"$(inherited)",
				);
				GCC_WARN_ABOUT_DEPRECATED_FUNCTIONS = YES;
				GCC_WARN_CHECK_SWITCH_STATEMENTS = YES;
				INFOPLIST_FILE = LiluFriend/Info.plist;
				INSTALL_PATH = /Library/Extensions;
				LIBRARY_SEARCH_PATHS = (
					"$(inherited)",
					"$(PROJECT_DIR)/LiluFriend",
				);
				LLVM_LTO = YES;
				MACOSX_DEPLOYMENT_TARGET = 10.8;
				MODULE_NAME = com.apple.security.LiluFriend;
				MODULE_VERSION = 1.0;
				MTL_ENABLE_DEBUG_INFO = no;
				ONLY_ACTIVE_ARCH = NO;
				OTHER_CFLAGS = (
					"-mmmx",
					"-msse",
					"-msse2",
					"-msse3",
					"-mfpmath=sse",
					"-mssse3",
					"-ftree-vectorize",
					"-fno-non-call-exceptions",
					"-fno-builtin",
					"-fno-asynchronous-unwind-tables",
				);
				OTHER_LDFLAGS = "-static";
				PRODUCT_BUNDLE_IDENTIFIER = com.apple.security.LiluFriend;
				PRODUCT_NAME = "$(TARGET_NAME)";
				STRIP_STYLE = "non-global";
				WRAPPER_EXTENSION = kext;
			};
			name = Release;
		};
/* End XCBuildConfiguration section */

/* Begin XCConfigurationList section */
		832787971EDD9B3200E4FB82 /* Build configuration list for PBXProject "LiluFriend" */ = {
			isa = XCConfigurationList;
			buildConfigurations = (
				832787A51EDD9B3200E4FB82 /* Debug */,
				832787A61EDD9B3200E4FB82 /* Release */,
			);
			defaultConfigurationIsVisible = 0;
			defaultConfigurationName = Release;
		};
		832787A71EDD9B3200E4FB82 /* Build configuration list for PBXNativeTarget "LiluFriend" */ = {
			isa = XCConfigurationList;
			buildConfigurations = (
				832787A81EDD9B3200E4FB82 /* Debug */,
				832787A91EDD9B3200E4FB82 /* Release */,
			);
			defaultConfigurationIsVisible = 0;
			defaultConfigurationName = Release;
		};
/* End XCConfigurationList section */
	};
	rootObject = 832787941EDD9B3200E4FB82 /* Project object */;
}
